
Microsoft Visual Studio Solution File, Format Version 12.00
# Visual Studio Version 17
VisualStudioVersion = 17.6.33723.286
MinimumVisualStudioVersion = 10.0.40219.1
Project("{FAE04EC0-301F-11D3-BF4B-00C04F79EFBC}") = "ATM", "ATM\ATM.csproj", "{9C7EECF7-491E-467E-968D-F276BA0F8EC3}"
EndProject
Project("{FAE04EC0-301F-11D3-BF4B-00C04F79EFBC}") = "ATMtest", "ATMtest\ATMtest.csproj", "{1AB0FC64-5AA0-45FB-8987-A47070371DB3}"
EndProject
Global
	GlobalSection(SolutionConfigurationPlatforms) = preSolution
		Debug|Any CPU = Debug|Any CPU
		Release|Any CPU = Release|Any CPU
	EndGlobalSection
	GlobalSection(ProjectConfigurationPlatforms) = postSolution
		{9C7EECF7-491E-467E-968D-F276BA0F8EC3}.Debug|Any CPU.ActiveCfg = Debug|Any CPU
		{9C7EECF7-491E-467E-968D-F276BA0F8EC3}.Debug|Any CPU.Build.0 = Debug|Any CPU
		{9C7EECF7-491E-467E-968D-F276BA0F8EC3}.Release|Any CPU.ActiveCfg = Release|Any CPU
		{9C7EECF7-491E-467E-968D-F276BA0F8EC3}.Release|Any CPU.Build.0 = Release|Any CPU
		{1AB0FC64-5AA0-45FB-8987-A47070371DB3}.Debug|Any CPU.ActiveCfg = Debug|Any CPU
		{1AB0FC64-5AA0-45FB-8987-A47070371DB3}.Debug|Any CPU.Build.0 = Debug|Any CPU
		{1AB0FC64-5AA0-45FB-8987-A47070371DB3}.Release|Any CPU.ActiveCfg = Release|Any CPU
		{1AB0FC64-5AA0-45FB-8987-A47070371DB3}.Release|Any CPU.Build.0 = Release|Any CPU
	EndGlobalSection
	GlobalSection(SolutionProperties) = preSolution
		HideSolutionNode = FALSE
	EndGlobalSection
	GlobalSection(ExtensibilityGlobals) = postSolution
		SolutionGuid = {65AAF63E-E178-4BED-ACB4-540FBE4D5D57}
	EndGlobalSection
EndGlobal
